
Microsoft Visual Studio Solution File, Format Version 12.00
# Visual Studio 15
VisualStudioVersion = 15.0.28307.168
MinimumVisualStudioVersion = 10.0.40219.1
Project("{FAE04EC0-301F-11D3-BF4B-00C04F79EFBC}") = "okulcokboyutludizi", "okulcokboyutludizi\okulcokboyutludizi.csproj", "{20594BB5-2CC5-46D6-826E-53104A7E7277}"
EndProject
Global
	GlobalSection(SolutionConfigurationPlatforms) = preSolution
		Debug|Any CPU = Debug|Any CPU
		Release|Any CPU = Release|Any CPU
	EndGlobalSection
	GlobalSection(ProjectConfigurationPlatforms) = postSolution
		{20594BB5-2CC5-46D6-826E-53104A7E7277}.Debug|Any CPU.ActiveCfg = Debug|Any CPU
		{20594BB5-2CC5-46D6-826E-53104A7E7277}.Debug|Any CPU.Build.0 = Debug|Any CPU
		{20594BB5-2CC5-46D6-826E-53104A7E7277}.Release|Any CPU.ActiveCfg = Release|Any CPU
		{20594BB5-2CC5-46D6-826E-53104A7E7277}.Release|Any CPU.Build.0 = Release|Any CPU
	EndGlobalSection
	GlobalSection(SolutionProperties) = preSolution
		HideSolutionNode = FALSE
	EndGlobalSection
	GlobalSection(ExtensibilityGlobals) = postSolution
		SolutionGuid = {211A96F4-09FD-448D-A3EB-8A23010B561A}
	EndGlobalSection
EndGlobal
